
Microsoft Visual Studio Solution File, Format Version 12.00
# Visual Studio Version 16
VisualStudioVersion = 16.0.31624.102
MinimumVisualStudioVersion = 10.0.40219.1
Project("{FAE04EC0-301F-11D3-BF4B-00C04F79EFBC}") = "TrayDate", "TrayDate\TrayDate.csproj", "{AEFC7616-E0CE-4F5B-85B9-46F2A793EDD1}"
EndProject
Global
	GlobalSection(SolutionConfigurationPlatforms) = preSolution
		Debug|Any CPU = Debug|Any CPU
		Release|Any CPU = Release|Any CPU
	EndGlobalSection
	GlobalSection(ProjectConfigurationPlatforms) = postSolution
		{AEFC7616-E0CE-4F5B-85B9-46F2A793EDD1}.Debug|Any CPU.ActiveCfg = Debug|Any CPU
		{AEFC7616-E0CE-4F5B-85B9-46F2A793EDD1}.Debug|Any CPU.Build.0 = Debug|Any CPU
		{AEFC7616-E0CE-4F5B-85B9-46F2A793EDD1}.Release|Any CPU.ActiveCfg = Release|Any CPU
		{AEFC7616-E0CE-4F5B-85B9-46F2A793EDD1}.Release|Any CPU.Build.0 = Release|Any CPU
	EndGlobalSection
	GlobalSection(SolutionProperties) = preSolution
		HideSolutionNode = FALSE
	EndGlobalSection
	GlobalSection(ExtensibilityGlobals) = postSolution
		SolutionGuid = {C8E61CB4-92A6-4D73-960F-B89EE835D0FA}
	EndGlobalSection
EndGlobal
